# THIS IS AN AUTOGENERATED FILE. DO NOT EDIT THIS FILE DIRECTLY.
# yarn lockfile v1


gsap@^3.7.0:
  version "3.7.0"
  resolved "https://registry.yarnpkg.com/gsap/-/gsap-3.7.0.tgz#ebadf467898ddf25011030090f0399cb0e292309"
  integrity sha512-8JI7pcFj0pgMzwqChARiHf7EIIZp1QrQBP74M2p2NpQLiAeIhQsrJWIRiwmA2JWkkNe0I2BiQF5ZhJvpyJVJDA==
